
Microsoft Visual Studio Solution File, Format Version 12.00
# Visual Studio Version 16
VisualStudioVersion = 16.0.31205.134
MinimumVisualStudioVersion = 10.0.40219.1
Project("{FAE04EC0-301F-11D3-BF4B-00C04F79EFBC}") = "TP_View", "TP_View\TP_View.csproj", "{913878B0-B63E-405E-BFD0-91E202F95455}"
EndProject
Project("{FAE04EC0-301F-11D3-BF4B-00C04F79EFBC}") = "TP-Model", "TP-Model\TP-Model.csproj", "{E3F71799-54A3-466E-BB41-3BB6E610F059}"
EndProject
Project("{FAE04EC0-301F-11D3-BF4B-00C04F79EFBC}") = "TP-DAL", "TP-DAL\TP-DAL.csproj", "{CA47761D-981E-45CC-A074-E1BADA7239AE}"
EndProject
Project("{FAE04EC0-301F-11D3-BF4B-00C04F79EFBC}") = "TP-BLL", "TP-BLL\TP-BLL.csproj", "{C9FEA5DC-0614-4E01-A7D8-46BA7B925AC8}"
EndProject
Global
	GlobalSection(SolutionConfigurationPlatforms) = preSolution
		Debug|Any CPU = Debug|Any CPU
		Release|Any CPU = Release|Any CPU
	EndGlobalSection
	GlobalSection(ProjectConfigurationPlatforms) = postSolution
		{913878B0-B63E-405E-BFD0-91E202F95455}.Debug|Any CPU.ActiveCfg = Debug|Any CPU
		{913878B0-B63E-405E-BFD0-91E202F95455}.Debug|Any CPU.Build.0 = Debug|Any CPU
		{913878B0-B63E-405E-BFD0-91E202F95455}.Release|Any CPU.ActiveCfg = Release|Any CPU
		{913878B0-B63E-405E-BFD0-91E202F95455}.Release|Any CPU.Build.0 = Release|Any CPU
		{E3F71799-54A3-466E-BB41-3BB6E610F059}.Debug|Any CPU.ActiveCfg = Debug|Any CPU
		{E3F71799-54A3-466E-BB41-3BB6E610F059}.Debug|Any CPU.Build.0 = Debug|Any CPU
		{E3F71799-54A3-466E-BB41-3BB6E610F059}.Release|Any CPU.ActiveCfg = Release|Any CPU
		{E3F71799-54A3-466E-BB41-3BB6E610F059}.Release|Any CPU.Build.0 = Release|Any CPU
		{CA47761D-981E-45CC-A074-E1BADA7239AE}.Debug|Any CPU.ActiveCfg = Debug|Any CPU
		{CA47761D-981E-45CC-A074-E1BADA7239AE}.Debug|Any CPU.Build.0 = Debug|Any CPU
		{CA47761D-981E-45CC-A074-E1BADA7239AE}.Release|Any CPU.ActiveCfg = Release|Any CPU
		{CA47761D-981E-45CC-A074-E1BADA7239AE}.Release|Any CPU.Build.0 = Release|Any CPU
		{C9FEA5DC-0614-4E01-A7D8-46BA7B925AC8}.Debug|Any CPU.ActiveCfg = Debug|Any CPU
		{C9FEA5DC-0614-4E01-A7D8-46BA7B925AC8}.Debug|Any CPU.Build.0 = Debug|Any CPU
		{C9FEA5DC-0614-4E01-A7D8-46BA7B925AC8}.Release|Any CPU.ActiveCfg = Release|Any CPU
		{C9FEA5DC-0614-4E01-A7D8-46BA7B925AC8}.Release|Any CPU.Build.0 = Release|Any CPU
	EndGlobalSection
	GlobalSection(SolutionProperties) = preSolution
		HideSolutionNode = FALSE
	EndGlobalSection
	GlobalSection(ExtensibilityGlobals) = postSolution
		SolutionGuid = {132D72CA-89A6-42EC-9A3C-E7ED5BB242F5}
	EndGlobalSection
EndGlobal
